
Microsoft Visual Studio Solution File, Format Version 12.00
# Visual Studio 15
VisualStudioVersion = 15.0.28010.2026
MinimumVisualStudioVersion = 10.0.40219.1
Project("{FAE04EC0-301F-11D3-BF4B-00C04F79EFBC}") = "TapiskAPP", "TapiskAPP\TapiskAPP\TapiskAPP.csproj", "{A8D8EA5B-04B7-4601-A44F-80CE7D7AADA0}"
EndProject
Project("{FAE04EC0-301F-11D3-BF4B-00C04F79EFBC}") = "TapiskAPP.Android", "TapiskAPP\TapiskAPP.Android\TapiskAPP.Android.csproj", "{F65B4487-691F-4E97-B86F-DA149F7D8136}"
EndProject
Project("{FAE04EC0-301F-11D3-BF4B-00C04F79EFBC}") = "TapiskAPP.iOS", "TapiskAPP\TapiskAPP.iOS\TapiskAPP.iOS.csproj", "{0E693F09-D202-4CB7-9375-C1F7A7F8051E}"
EndProject
Project("{FAE04EC0-301F-11D3-BF4B-00C04F79EFBC}") = "TapiskAPP.UWP", "TapiskAPP\TapiskAPP.UWP\TapiskAPP.UWP.csproj", "{50754900-B877-4EE9-B0BC-84A318152CBF}"
EndProject
Global
	GlobalSection(SolutionConfigurationPlatforms) = preSolution
		Ad-Hoc|Any CPU = Ad-Hoc|Any CPU
		Ad-Hoc|ARM = Ad-Hoc|ARM
		Ad-Hoc|iPhone = Ad-Hoc|iPhone
		Ad-Hoc|iPhoneSimulator = Ad-Hoc|iPhoneSimulator
		Ad-Hoc|x64 = Ad-Hoc|x64
		Ad-Hoc|x86 = Ad-Hoc|x86
		AppStore|Any CPU = AppStore|Any CPU
		AppStore|ARM = AppStore|ARM
		AppStore|iPhone = AppStore|iPhone
		AppStore|iPhoneSimulator = AppStore|iPhoneSimulator
		AppStore|x64 = AppStore|x64
		AppStore|x86 = AppStore|x86
		Debug|Any CPU = Debug|Any CPU
		Debug|ARM = Debug|ARM
		Debug|iPhone = Debug|iPhone
		Debug|iPhoneSimulator = Debug|iPhoneSimulator
		Debug|x64 = Debug|x64
		Debug|x86 = Debug|x86
		Release|Any CPU = Release|Any CPU
		Release|ARM = Release|ARM
		Release|iPhone = Release|iPhone
		Release|iPhoneSimulator = Release|iPhoneSimulator
		Release|x64 = Release|x64
		Release|x86 = Release|x86
	EndGlobalSection
	GlobalSection(ProjectConfigurationPlatforms) = postSolution
		{A8D8EA5B-04B7-4601-A44F-80CE7D7AADA0}.Ad-Hoc|Any CPU.ActiveCfg = Debug|Any CPU
		{A8D8EA5B-04B7-4601-A44F-80CE7D7AADA0}.Ad-Hoc|Any CPU.Build.0 = Debug|Any CPU
		{A8D8EA5B-04B7-4601-A44F-80CE7D7AADA0}.Ad-Hoc|ARM.ActiveCfg = Debug|Any CPU
		{A8D8EA5B-04B7-4601-A44F-80CE7D7AADA0}.Ad-Hoc|ARM.Build.0 = Debug|Any CPU
		{A8D8EA5B-04B7-4601-A44F-80CE7D7AADA0}.Ad-Hoc|iPhone.ActiveCfg = Debug|Any CPU
		{A8D8EA5B-04B7-4601-A44F-80CE7D7AADA0}.Ad-Hoc|iPhone.Build.0 = Debug|Any CPU
		{A8D8EA5B-04B7-4601-A44F-80CE7D7AADA0}.Ad-Hoc|iPhoneSimulator.ActiveCfg = Debug|Any CPU
		{A8D8EA5B-04B7-4601-A44F-80CE7D7AADA0}.Ad-Hoc|iPhoneSimulator.Build.0 = Debug|Any CPU
		{A8D8EA5B-04B7-4601-A44F-80CE7D7AADA0}.Ad-Hoc|x64.ActiveCfg = Debug|Any CPU
		{A8D8EA5B-04B7-4601-A44F-80CE7D7AADA0}.Ad-Hoc|x64.Build.0 = Debug|Any CPU
		{A8D8EA5B-04B7-4601-A44F-80CE7D7AADA0}.Ad-Hoc|x86.ActiveCfg = Debug|Any CPU
		{A8D8EA5B-04B7-4601-A44F-80CE7D7AADA0}.Ad-Hoc|x86.Build.0 = Debug|Any CPU
		{A8D8EA5B-04B7-4601-A44F-80CE7D7AADA0}.AppStore|Any CPU.ActiveCfg = Debug|Any CPU
		{A8D8EA5B-04B7-4601-A44F-80CE7D7AADA0}.AppStore|Any CPU.Build.0 = Debug|Any CPU
		{A8D8EA5B-04B7-4601-A44F-80CE7D7AADA0}.AppStore|ARM.ActiveCfg = Debug|Any CPU
		{A8D8EA5B-04B7-4601-A44F-80CE7D7AADA0}.AppStore|ARM.Build.0 = Debug|Any CPU
		{A8D8EA5B-04B7-4601-A44F-80CE7D7AADA0}.AppStore|iPhone.ActiveCfg = Debug|Any CPU
		{A8D8EA5B-04B7-4601-A44F-80CE7D7AADA0}.AppStore|iPhone.Build.0 = Debug|Any CPU
		{A8D8EA5B-04B7-4601-A44F-80CE7D7AADA0}.AppStore|iPhoneSimulator.ActiveCfg = Debug|Any CPU
		{A8D8EA5B-04B7-4601-A44F-80CE7D7AADA0}.AppStore|iPhoneSimulator.Build.0 = Debug|Any CPU
		{A8D8EA5B-04B7-4601-A44F-80CE7D7AADA0}.AppStore|x64.ActiveCfg = Debug|Any CPU
		{A8D8EA5B-04B7-4601-A44F-80CE7D7AADA0}.AppStore|x64.Build.0 = Debug|Any CPU
		{A8D8EA5B-04B7-4601-A44F-80CE7D7AADA0}.AppStore|x86.ActiveCfg = Debug|Any CPU
		{A8D8EA5B-04B7-4601-A44F-80CE7D7AADA0}.AppStore|x86.Build.0 = Debug|Any CPU
		{A8D8EA5B-04B7-4601-A44F-80CE7D7AADA0}.Debug|Any CPU.ActiveCfg = Debug|Any CPU
		{A8D8EA5B-04B7-4601-A44F-80CE7D7AADA0}.Debug|Any CPU.Build.0 = Debug|Any CPU
		{A8D8EA5B-04B7-4601-A44F-80CE7D7AADA0}.Debug|ARM.ActiveCfg = Debug|Any CPU
		{A8D8EA5B-04B7-4601-A44F-80CE7D7AADA0}.Debug|ARM.Build.0 = Debug|Any CPU
		{A8D8EA5B-04B7-4601-A44F-80CE7D7AADA0}.Debug|iPhone.ActiveCfg = Debug|Any CPU
		{A8D8EA5B-04B7-4601-A44F-80CE7D7AADA0}.Debug|iPhone.Build.0 = Debug|Any CPU
		{A8D8EA5B-04B7-4601-A44F-80CE7D7AADA0}.Debug|iPhoneSimulator.ActiveCfg = Debug|Any CPU
		{A8D8EA5B-04B7-4601-A44F-80CE7D7AADA0}.Debug|iPhoneSimulator.Build.0 = Debug|Any CPU
		{A8D8EA5B-04B7-4601-A44F-80CE7D7AADA0}.Debug|x64.ActiveCfg = Debug|Any CPU
		{A8D8EA5B-04B7-4601-A44F-80CE7D7AADA0}.Debug|x64.Build.0 = Debug|Any CPU
		{A8D8EA5B-04B7-4601-A44F-80CE7D7AADA0}.Debug|x86.ActiveCfg = Debug|Any CPU
		{A8D8EA5B-04B7-4601-A44F-80CE7D7AADA0}.Debug|x86.Build.0 = Debug|Any CPU
		{A8D8EA5B-04B7-4601-A44F-80CE7D7AADA0}.Release|Any CPU.ActiveCfg = Release|Any CPU
		{A8D8EA5B-04B7-4601-A44F-80CE7D7AADA0}.Release|Any CPU.Build.0 = Release|Any CPU
		{A8D8EA5B-04B7-4601-A44F-80CE7D7AADA0}.Release|ARM.ActiveCfg = Release|Any CPU
		{A8D8EA5B-04B7-4601-A44F-80CE7D7AADA0}.Release|ARM.Build.0 = Release|Any CPU
		{A8D8EA5B-04B7-4601-A44F-80CE7D7AADA0}.Release|iPhone.ActiveCfg = Release|Any CPU
		{A8D8EA5B-04B7-4601-A44F-80CE7D7AADA0}.Release|iPhone.Build.0 = Release|Any CPU
		{A8D8EA5B-04B7-4601-A44F-80CE7D7AADA0}.Release|iPhoneSimulator.ActiveCfg = Release|Any CPU
		{A8D8EA5B-04B7-4601-A44F-80CE7D7AADA0}.Release|iPhoneSimulator.Build.0 = Release|Any CPU
		{A8D8EA5B-04B7-4601-A44F-80CE7D7AADA0}.Release|x64.ActiveCfg = Release|Any CPU
		{A8D8EA5B-04B7-4601-A44F-80CE7D7AADA0}.Release|x64.Build.0 = Release|Any CPU
		{A8D8EA5B-04B7-4601-A44F-80CE7D7AADA0}.Release|x86.ActiveCfg = Release|Any CPU
		{A8D8EA5B-04B7-4601-A44F-80CE7D7AADA0}.Release|x86.Build.0 = Release|Any CPU
		{F65B4487-691F-4E97-B86F-DA149F7D8136}.Ad-Hoc|Any CPU.ActiveCfg = Release|Any CPU
		{F65B4487-691F-4E97-B86F-DA149F7D8136}.Ad-Hoc|Any CPU.Build.0 = Release|Any CPU
		{F65B4487-691F-4E97-B86F-DA149F7D8136}.Ad-Hoc|Any CPU.Deploy.0 = Release|Any CPU
		{F65B4487-691F-4E97-B86F-DA149F7D8136}.Ad-Hoc|ARM.ActiveCfg = Release|Any CPU
		{F65B4487-691F-4E97-B86F-DA149F7D8136}.Ad-Hoc|ARM.Build.0 = Release|Any CPU
		{F65B4487-691F-4E97-B86F-DA149F7D8136}.Ad-Hoc|ARM.Deploy.0 = Release|Any CPU
		{F65B4487-691F-4E97-B86F-DA149F7D8136}.Ad-Hoc|iPhone.ActiveCfg = Release|Any CPU
		{F65B4487-691F-4E97-B86F-DA149F7D8136}.Ad-Hoc|iPhone.Build.0 = Release|Any CPU
		{F65B4487-691F-4E97-B86F-DA149F7D8136}.Ad-Hoc|iPhone.Deploy.0 = Release|Any CPU
		{F65B4487-691F-4E97-B86F-DA149F7D8136}.Ad-Hoc|iPhoneSimulator.ActiveCfg = Release|Any CPU
		{F65B4487-691F-4E97-B86F-DA149F7D8136}.Ad-Hoc|iPhoneSimulator.Build.0 = Release|Any CPU
		{F65B4487-691F-4E97-B86F-DA149F7D8136}.Ad-Hoc|iPhoneSimulator.Deploy.0 = Release|Any CPU
		{F65B4487-691F-4E97-B86F-DA149F7D8136}.Ad-Hoc|x64.ActiveCfg = Release|Any CPU
		{F65B4487-691F-4E97-B86F-DA149F7D8136}.Ad-Hoc|x64.Build.0 = Release|Any CPU
		{F65B4487-691F-4E97-B86F-DA149F7D8136}.Ad-Hoc|x64.Deploy.0 = Release|Any CPU
		{F65B4487-691F-4E97-B86F-DA149F7D8136}.Ad-Hoc|x86.ActiveCfg = Release|Any CPU
		{F65B4487-691F-4E97-B86F-DA149F7D8136}.Ad-Hoc|x86.Build.0 = Release|Any CPU
		{F65B4487-691F-4E97-B86F-DA149F7D8136}.Ad-Hoc|x86.Deploy.0 = Release|Any CPU
		{F65B4487-691F-4E97-B86F-DA149F7D8136}.AppStore|Any CPU.ActiveCfg = Release|Any CPU
		{F65B4487-691F-4E97-B86F-DA149F7D8136}.AppStore|Any CPU.Build.0 = Release|Any CPU
		{F65B4487-691F-4E97-B86F-DA149F7D8136}.AppStore|Any CPU.Deploy.0 = Release|Any CPU
		{F65B4487-691F-4E97-B86F-DA149F7D8136}.AppStore|ARM.ActiveCfg = Release|Any CPU
		{F65B4487-691F-4E97-B86F-DA149F7D8136}.AppStore|ARM.Build.0 = Release|Any CPU
		{F65B4487-691F-4E97-B86F-DA149F7D8136}.AppStore|ARM.Deploy.0 = Release|Any CPU
		{F65B4487-691F-4E97-B86F-DA149F7D8136}.AppStore|iPhone.ActiveCfg = Release|Any CPU
		{F65B4487-691F-4E97-B86F-DA149F7D8136}.AppStore|iPhone.Build.0 = Release|Any CPU
		{F65B4487-691F-4E97-B86F-DA149F7D8136}.AppStore|iPhone.Deploy.0 = Release|Any CPU
		{F65B4487-691F-4E97-B86F-DA149F7D8136}.AppStore|iPhoneSimulator.ActiveCfg = Release|Any CPU
		{F65B4487-691F-4E97-B86F-DA149F7D8136}.AppStore|iPhoneSimulator.Build.0 = Release|Any CPU
		{F65B4487-691F-4E97-B86F-DA149F7D8136}.AppStore|iPhoneSimulator.Deploy.0 = Release|Any CPU
		{F65B4487-691F-4E97-B86F-DA149F7D8136}.AppStore|x64.ActiveCfg = Release|Any CPU
		{F65B4487-691F-4E97-B86F-DA149F7D8136}.AppStore|x64.Build.0 = Release|Any CPU
		{F65B4487-691F-4E97-B86F-DA149F7D8136}.AppStore|x64.Deploy.0 = Release|Any CPU
		{F65B4487-691F-4E97-B86F-DA149F7D8136}.AppStore|x86.ActiveCfg = Release|Any CPU
		{F65B4487-691F-4E97-B86F-DA149F7D8136}.AppStore|x86.Build.0 = Release|Any CPU
		{F65B4487-691F-4E97-B86F-DA149F7D8136}.AppStore|x86.Deploy.0 = Release|Any CPU
		{F65B4487-691F-4E97-B86F-DA149F7D8136}.Debug|Any CPU.ActiveCfg = Debug|Any CPU
		{F65B4487-691F-4E97-B86F-DA149F7D8136}.Debug|Any CPU.Build.0 = Debug|Any CPU
		{F65B4487-691F-4E97-B86F-DA149F7D8136}.Debug|Any CPU.Deploy.0 = Debug|Any CPU
		{F65B4487-691F-4E97-B86F-DA149F7D8136}.Debug|ARM.ActiveCfg = Debug|Any CPU
		{F65B4487-691F-4E97-B86F-DA149F7D8136}.Debug|ARM.Build.0 = Debug|Any CPU
		{F65B4487-691F-4E97-B86F-DA149F7D8136}.Debug|ARM.Deploy.0 = Debug|Any CPU
		{F65B4487-691F-4E97-B86F-DA149F7D8136}.Debug|iPhone.ActiveCfg = Debug|Any CPU
		{F65B4487-691F-4E97-B86F-DA149F7D8136}.Debug|iPhone.Build.0 = Debug|Any CPU
		{F65B4487-691F-4E97-B86F-DA149F7D8136}.Debug|iPhone.Deploy.0 = Debug|Any CPU
		{F65B4487-691F-4E97-B86F-DA149F7D8136}.Debug|iPhoneSimulator.ActiveCfg = Debug|Any CPU
		{F65B4487-691F-4E97-B86F-DA149F7D8136}.Debug|iPhoneSimulator.Build.0 = Debug|Any CPU
		{F65B4487-691F-4E97-B86F-DA149F7D8136}.Debug|iPhoneSimulator.Deploy.0 = Debug|Any CPU
		{F65B4487-691F-4E97-B86F-DA149F7D8136}.Debug|x64.ActiveCfg = Debug|Any CPU
		{F65B4487-691F-4E97-B86F-DA149F7D8136}.Debug|x64.Build.0 = Debug|Any CPU
		{F65B4487-691F-4E97-B86F-DA149F7D8136}.Debug|x64.Deploy.0 = Debug|Any CPU
		{F65B4487-691F-4E97-B86F-DA149F7D8136}.Debug|x86.ActiveCfg = Debug|Any CPU
		{F65B4487-691F-4E97-B86F-DA149F7D8136}.Debug|x86.Build.0 = Debug|Any CPU
		{F65B4487-691F-4E97-B86F-DA149F7D8136}.Debug|x86.Deploy.0 = Debug|Any CPU
		{F65B4487-691F-4E97-B86F-DA149F7D8136}.Release|Any CPU.ActiveCfg = Release|Any CPU
		{F65B4487-691F-4E97-B86F-DA149F7D8136}.Release|Any CPU.Build.0 = Release|Any CPU
		{F65B4487-691F-4E97-B86F-DA149F7D8136}.Release|Any CPU.Deploy.0 = Release|Any CPU
		{F65B4487-691F-4E97-B86F-DA149F7D8136}.Release|ARM.ActiveCfg = Release|Any CPU
		{F65B4487-691F-4E97-B86F-DA149F7D8136}.Release|ARM.Build.0 = Release|Any CPU
		{F65B4487-691F-4E97-B86F-DA149F7D8136}.Release|ARM.Deploy.0 = Release|Any CPU
		{F65B4487-691F-4E97-B86F-DA149F7D8136}.Release|iPhone.ActiveCfg = Release|Any CPU
		{F65B4487-691F-4E97-B86F-DA149F7D8136}.Release|iPhone.Build.0 = Release|Any CPU
		{F65B4487-691F-4E97-B86F-DA149F7D8136}.Release|iPhone.Deploy.0 = Release|Any CPU
		{F65B4487-691F-4E97-B86F-DA149F7D8136}.Release|iPhoneSimulator.ActiveCfg = Release|Any CPU
		{F65B4487-691F-4E97-B86F-DA149F7D8136}.Release|iPhoneSimulator.Build.0 = Release|Any CPU
		{F65B4487-691F-4E97-B86F-DA149F7D8136}.Release|iPhoneSimulator.Deploy.0 = Release|Any CPU
		{F65B4487-691F-4E97-B86F-DA149F7D8136}.Release|x64.ActiveCfg = Release|Any CPU
		{F65B4487-691F-4E97-B86F-DA149F7D8136}.Release|x64.Build.0 = Release|Any CPU
		{F65B4487-691F-4E97-B86F-DA149F7D8136}.Release|x64.Deploy.0 = Release|Any CPU
		{F65B4487-691F-4E97-B86F-DA149F7D8136}.Release|x86.ActiveCfg = Release|Any CPU
		{F65B4487-691F-4E97-B86F-DA149F7D8136}.Release|x86.Build.0 = Release|Any CPU
		{F65B4487-691F-4E97-B86F-DA149F7D8136}.Release|x86.Deploy.0 = Release|Any CPU
		{0E693F09-D202-4CB7-9375-C1F7A7F8051E}.Ad-Hoc|Any CPU.ActiveCfg = Ad-Hoc|iPhone
		{0E693F09-D202-4CB7-9375-C1F7A7F8051E}.Ad-Hoc|ARM.ActiveCfg = Ad-Hoc|iPhone
		{0E693F09-D202-4CB7-9375-C1F7A7F8051E}.Ad-Hoc|iPhone.ActiveCfg = Ad-Hoc|iPhone
		{0E693F09-D202-4CB7-9375-C1F7A7F8051E}.Ad-Hoc|iPhone.Build.0 = Ad-Hoc|iPhone
		{0E693F09-D202-4CB7-9375-C1F7A7F8051E}.Ad-Hoc|iPhoneSimulator.ActiveCfg = Ad-Hoc|iPhoneSimulator
		{0E693F09-D202-4CB7-9375-C1F7A7F8051E}.Ad-Hoc|iPhoneSimulator.Build.0 = Ad-Hoc|iPhoneSimulator
		{0E693F09-D202-4CB7-9375-C1F7A7F8051E}.Ad-Hoc|x64.ActiveCfg = Ad-Hoc|iPhone
		{0E693F09-D202-4CB7-9375-C1F7A7F8051E}.Ad-Hoc|x86.ActiveCfg = Ad-Hoc|iPhone
		{0E693F09-D202-4CB7-9375-C1F7A7F8051E}.AppStore|Any CPU.ActiveCfg = AppStore|iPhone
		{0E693F09-D202-4CB7-9375-C1F7A7F8051E}.AppStore|ARM.ActiveCfg = AppStore|iPhone
		{0E693F09-D202-4CB7-9375-C1F7A7F8051E}.AppStore|iPhone.ActiveCfg = AppStore|iPhone
		{0E693F09-D202-4CB7-9375-C1F7A7F8051E}.AppStore|iPhone.Build.0 = AppStore|iPhone
		{0E693F09-D202-4CB7-9375-C1F7A7F8051E}.AppStore|iPhoneSimulator.ActiveCfg = AppStore|iPhoneSimulator
		{0E693F09-D202-4CB7-9375-C1F7A7F8051E}.AppStore|iPhoneSimulator.Build.0 = AppStore|iPhoneSimulator
		{0E693F09-D202-4CB7-9375-C1F7A7F8051E}.AppStore|x64.ActiveCfg = AppStore|iPhone
		{0E693F09-D202-4CB7-9375-C1F7A7F8051E}.AppStore|x86.ActiveCfg = AppStore|iPhone
		{0E693F09-D202-4CB7-9375-C1F7A7F8051E}.Debug|Any CPU.ActiveCfg = Debug|iPhone
		{0E693F09-D202-4CB7-9375-C1F7A7F8051E}.Debug|ARM.ActiveCfg = Debug|iPhone
		{0E693F09-D202-4CB7-9375-C1F7A7F8051E}.Debug|iPhone.ActiveCfg = Debug|iPhone
		{0E693F09-D202-4CB7-9375-C1F7A7F8051E}.Debug|iPhone.Build.0 = Debug|iPhone
		{0E693F09-D202-4CB7-9375-C1F7A7F8051E}.Debug|iPhoneSimulator.ActiveCfg = Debug|iPhoneSimulator
		{0E693F09-D202-4CB7-9375-C1F7A7F8051E}.Debug|iPhoneSimulator.Build.0 = Debug|iPhoneSimulator
		{0E693F09-D202-4CB7-9375-C1F7A7F8051E}.Debug|x64.ActiveCfg = Debug|iPhone
		{0E693F09-D202-4CB7-9375-C1F7A7F8051E}.Debug|x86.ActiveCfg = Debug|iPhone
		{0E693F09-D202-4CB7-9375-C1F7A7F8051E}.Release|Any CPU.ActiveCfg = Release|iPhone
		{0E693F09-D202-4CB7-9375-C1F7A7F8051E}.Release|ARM.ActiveCfg = Release|iPhone
		{0E693F09-D202-4CB7-9375-C1F7A7F8051E}.Release|iPhone.ActiveCfg = Release|iPhone
		{0E693F09-D202-4CB7-9375-C1F7A7F8051E}.Release|iPhone.Build.0 = Release|iPhone
		{0E693F09-D202-4CB7-9375-C1F7A7F8051E}.Release|iPhoneSimulator.ActiveCfg = Release|iPhoneSimulator
		{0E693F09-D202-4CB7-9375-C1F7A7F8051E}.Release|iPhoneSimulator.Build.0 = Release|iPhoneSimulator
		{0E693F09-D202-4CB7-9375-C1F7A7F8051E}.Release|x64.ActiveCfg = Release|iPhone
		{0E693F09-D202-4CB7-9375-C1F7A7F8051E}.Release|x86.ActiveCfg = Release|iPhone
		{50754900-B877-4EE9-B0BC-84A318152CBF}.Ad-Hoc|Any CPU.ActiveCfg = Release|x86
		{50754900-B877-4EE9-B0BC-84A318152CBF}.Ad-Hoc|Any CPU.Build.0 = Release|x86
		{50754900-B877-4EE9-B0BC-84A318152CBF}.Ad-Hoc|Any CPU.Deploy.0 = Release|x86
		{50754900-B877-4EE9-B0BC-84A318152CBF}.Ad-Hoc|ARM.ActiveCfg = Release|ARM
		{50754900-B877-4EE9-B0BC-84A318152CBF}.Ad-Hoc|ARM.Build.0 = Release|ARM
		{50754900-B877-4EE9-B0BC-84A318152CBF}.Ad-Hoc|ARM.Deploy.0 = Release|ARM
		{50754900-B877-4EE9-B0BC-84A318152CBF}.Ad-Hoc|iPhone.ActiveCfg = Release|x86
		{50754900-B877-4EE9-B0BC-84A318152CBF}.Ad-Hoc|iPhone.Build.0 = Release|x86
		{50754900-B877-4EE9-B0BC-84A318152CBF}.Ad-Hoc|iPhone.Deploy.0 = Release|x86
		{50754900-B877-4EE9-B0BC-84A318152CBF}.Ad-Hoc|iPhoneSimulator.ActiveCfg = Release|x86
		{50754900-B877-4EE9-B0BC-84A318152CBF}.Ad-Hoc|iPhoneSimulator.Build.0 = Release|x86
		{50754900-B877-4EE9-B0BC-84A318152CBF}.Ad-Hoc|iPhoneSimulator.Deploy.0 = Release|x86
		{50754900-B877-4EE9-B0BC-84A318152CBF}.Ad-Hoc|x64.ActiveCfg = Release|x64
		{50754900-B877-4EE9-B0BC-84A318152CBF}.Ad-Hoc|x64.Build.0 = Release|x64
		{50754900-B877-4EE9-B0BC-84A318152CBF}.Ad-Hoc|x64.Deploy.0 = Release|x64
		{50754900-B877-4EE9-B0BC-84A318152CBF}.Ad-Hoc|x86.ActiveCfg = Release|x86
		{50754900-B877-4EE9-B0BC-84A318152CBF}.Ad-Hoc|x86.Build.0 = Release|x86
		{50754900-B877-4EE9-B0BC-84A318152CBF}.Ad-Hoc|x86.Deploy.0 = Release|x86
		{50754900-B877-4EE9-B0BC-84A318152CBF}.AppStore|Any CPU.ActiveCfg = Release|x86
		{50754900-B877-4EE9-B0BC-84A318152CBF}.AppStore|Any CPU.Build.0 = Release|x86
		{50754900-B877-4EE9-B0BC-84A318152CBF}.AppStore|Any CPU.Deploy.0 = Release|x86
		{50754900-B877-4EE9-B0BC-84A318152CBF}.AppStore|ARM.ActiveCfg = Release|ARM
		{50754900-B877-4EE9-B0BC-84A318152CBF}.AppStore|ARM.Build.0 = Release|ARM
		{50754900-B877-4EE9-B0BC-84A318152CBF}.AppStore|ARM.Deploy.0 = Release|ARM
		{50754900-B877-4EE9-B0BC-84A318152CBF}.AppStore|iPhone.ActiveCfg = Release|x86
		{50754900-B877-4EE9-B0BC-84A318152CBF}.AppStore|iPhone.Build.0 = Release|x86
		{50754900-B877-4EE9-B0BC-84A318152CBF}.AppStore|iPhone.Deploy.0 = Release|x86
		{50754900-B877-4EE9-B0BC-84A318152CBF}.AppStore|iPhoneSimulator.ActiveCfg = Release|x86
		{50754900-B877-4EE9-B0BC-84A318152CBF}.AppStore|iPhoneSimulator.Build.0 = Release|x86
		{50754900-B877-4EE9-B0BC-84A318152CBF}.AppStore|iPhoneSimulator.Deploy.0 = Release|x86
		{50754900-B877-4EE9-B0BC-84A318152CBF}.AppStore|x64.ActiveCfg = Release|x64
		{50754900-B877-4EE9-B0BC-84A318152CBF}.AppStore|x64.Build.0 = Release|x64
		{50754900-B877-4EE9-B0BC-84A318152CBF}.AppStore|x64.Deploy.0 = Release|x64
		{50754900-B877-4EE9-B0BC-84A318152CBF}.AppStore|x86.ActiveCfg = Release|x86
		{50754900-B877-4EE9-B0BC-84A318152CBF}.AppStore|x86.Build.0 = Release|x86
		{50754900-B877-4EE9-B0BC-84A318152CBF}.AppStore|x86.Deploy.0 = Release|x86
		{50754900-B877-4EE9-B0BC-84A318152CBF}.Debug|Any CPU.ActiveCfg = Debug|x86
		{50754900-B877-4EE9-B0BC-84A318152CBF}.Debug|ARM.ActiveCfg = Debug|ARM
		{50754900-B877-4EE9-B0BC-84A318152CBF}.Debug|ARM.Build.0 = Debug|ARM
		{50754900-B877-4EE9-B0BC-84A318152CBF}.Debug|ARM.Deploy.0 = Debug|ARM
		{50754900-B877-4EE9-B0BC-84A318152CBF}.Debug|iPhone.ActiveCfg = Debug|x86
		{50754900-B877-4EE9-B0BC-84A318152CBF}.Debug|iPhoneSimulator.ActiveCfg = Debug|x86
		{50754900-B877-4EE9-B0BC-84A318152CBF}.Debug|x64.ActiveCfg = Debug|x64
		{50754900-B877-4EE9-B0BC-84A318152CBF}.Debug|x64.Build.0 = Debug|x64
		{50754900-B877-4EE9-B0BC-84A318152CBF}.Debug|x64.Deploy.0 = Debug|x64
		{50754900-B877-4EE9-B0BC-84A318152CBF}.Debug|x86.ActiveCfg = Debug|x86
		{50754900-B877-4EE9-B0BC-84A318152CBF}.Debug|x86.Build.0 = Debug|x86
		{50754900-B877-4EE9-B0BC-84A318152CBF}.Debug|x86.Deploy.0 = Debug|x86
		{50754900-B877-4EE9-B0BC-84A318152CBF}.Release|Any CPU.ActiveCfg = Release|x86
		{50754900-B877-4EE9-B0BC-84A318152CBF}.Release|ARM.ActiveCfg = Release|ARM
		{50754900-B877-4EE9-B0BC-84A318152CBF}.Release|ARM.Build.0 = Release|ARM
		{50754900-B877-4EE9-B0BC-84A318152CBF}.Release|ARM.Deploy.0 = Release|ARM
		{50754900-B877-4EE9-B0BC-84A318152CBF}.Release|iPhone.ActiveCfg = Release|x86
		{50754900-B877-4EE9-B0BC-84A318152CBF}.Release|iPhoneSimulator.ActiveCfg = Release|x86
		{50754900-B877-4EE9-B0BC-84A318152CBF}.Release|x64.ActiveCfg = Release|x64
		{50754900-B877-4EE9-B0BC-84A318152CBF}.Release|x64.Build.0 = Release|x64
		{50754900-B877-4EE9-B0BC-84A318152CBF}.Release|x64.Deploy.0 = Release|x64
		{50754900-B877-4EE9-B0BC-84A318152CBF}.Release|x86.ActiveCfg = Release|x86
		{50754900-B877-4EE9-B0BC-84A318152CBF}.Release|x86.Build.0 = Release|x86
		{50754900-B877-4EE9-B0BC-84A318152CBF}.Release|x86.Deploy.0 = Release|x86
	EndGlobalSection
	GlobalSection(SolutionProperties) = preSolution
		HideSolutionNode = FALSE
	EndGlobalSection
	GlobalSection(ExtensibilityGlobals) = postSolution
		SolutionGuid = {475094D6-392B-461B-8DF0-A9F7C6FE9FA7}
	EndGlobalSection
EndGlobal
